// !$*UTF8*$!
{
	archiveVersion = 1;
	classes = {
	};
	objectVersion = 50;
	objects = {

/* Begin PBXBuildFile section */
		F24E29BE287A031E001874FA /* AppDelegate.swift in Sources */ = {isa = PBXBuildFile; fileRef = F24E29BD287A031E001874FA /* AppDelegate.swift */; };
		F24E29C0287A031E001874FA /* SceneDelegate.swift in Sources */ = {isa = PBXBuildFile; fileRef = F24E29BF287A031E001874FA /* SceneDelegate.swift */; };
		F24E29C2287A031E001874FA /* ViewController.swift in Sources */ = {isa = PBXBuildFile; fileRef = F24E29C1287A031E001874FA /* ViewController.swift */; };
		F24E29C5287A031E001874FA /* Main.storyboard in Resources */ = {isa = PBXBuildFile; fileRef = F24E29C3287A031E001874FA /* Main.storyboard */; };
		F24E29C7287A0320001874FA /* Assets.xcassets in Resources */ = {isa = PBXBuildFile; fileRef = F24E29C6287A0320001874FA /* Assets.xcassets */; };
		F24E29CA287A0320001874FA /* LaunchScreen.storyboard in Resources */ = {isa = PBXBuildFile; fileRef = F24E29C8287A0320001874FA /* LaunchScreen.storyboard */; };
		F24E29D7287A0375001874FA /* Story.swift in Sources */ = {isa = PBXBuildFile; fileRef = F24E29D6287A0375001874FA /* Story.swift */; };
		F24E29DD287A038A001874FA /* StoryBrain.swift in Sources */ = {isa = PBXBuildFile; fileRef = F24E29DC287A038A001874FA /* StoryBrain.swift */; };
/* End PBXBuildFile section */

/* Begin PBXFileReference section */
		F24E29BA287A031E001874FA /* Destiny app.app */ = {isa = PBXFileReference; explicitFileType = wrapper.application; includeInIndex = 0; path = "Destiny app.app"; sourceTree = BUILT_PRODUCTS_DIR; };
		F24E29BD287A031E001874FA /* AppDelegate.swift */ = {isa = PBXFileReference; lastKnownFileType = sourcecode.swift; path = AppDelegate.swift; sourceTree = "<group>"; };
		F24E29BF287A031E001874FA /* SceneDelegate.swift */ = {isa = PBXFileReference; lastKnownFileType = sourcecode.swift; path = SceneDelegate.swift; sourceTree = "<group>"; };
		F24E29C1287A031E001874FA /* ViewController.swift */ = {isa = PBXFileReference; lastKnownFileType = sourcecode.swift; path = ViewController.swift; sourceTree = "<group>"; };
		F24E29C4287A031E001874FA /* Base */ = {isa = PBXFileReference; lastKnownFileType = file.storyboard; name = Base; path = Base.lproj/Main.storyboard; sourceTree = "<group>"; };
		F24E29C6287A0320001874FA /* Assets.xcassets */ = {isa = PBXFileReference; lastKnownFileType = folder.assetcatalog; path = Assets.xcassets; sourceTree = "<group>"; };
		F24E29C9287A0320001874FA /* Base */ = {isa = PBXFileReference; lastKnownFileType = file.storyboard; name = Base; path = Base.lproj/LaunchScreen.storyboard; sourceTree = "<group>"; };
		F24E29CB287A0320001874FA /* Info.plist */ = {isa = PBXFileReference; lastKnownFileType = text.plist.xml; path = Info.plist; sourceTree = "<group>"; };
		F24E29D6287A0375001874FA /* Story.swift */ = {isa = PBXFileReference; lastKnownFileType = sourcecode.swift; path = Story.swift; sourceTree = "<group>"; };
		F24E29DC287A038A001874FA /* StoryBrain.swift */ = {isa = PBXFileReference; lastKnownFileType = sourcecode.swift; path = StoryBrain.swift; sourceTree = "<group>"; };
/* End PBXFileReference section */

/* Begin PBXFrameworksBuildPhase section */
		F24E29B7287A031E001874FA /* Frameworks */ = {
			isa = PBXFrameworksBuildPhase;
			buildActionMask = 2147483647;
			files = (
			);
			runOnlyForDeploymentPostprocessing = 0;
		};
/* End PBXFrameworksBuildPhase section */

/* Begin PBXGroup section */
		F24E29B1287A031E001874FA = {
			isa = PBXGroup;
			children = (
				F24E29BC287A031E001874FA /* Destiny app */,
				F24E29BB287A031E001874FA /* Products */,
			);
			sourceTree = "<group>";
		};
		F24E29BB287A031E001874FA /* Products */ = {
			isa = PBXGroup;
			children = (
				F24E29BA287A031E001874FA /* Destiny app.app */,
			);
			name = Products;
			sourceTree = "<group>";
		};
		F24E29BC287A031E001874FA /* Destiny app */ = {
			isa = PBXGroup;
			children = (
				F24E29BD287A031E001874FA /* AppDelegate.swift */,
				F24E29BF287A031E001874FA /* SceneDelegate.swift */,
				F24E29DA287A0379001874FA /* Model */,
				F24E29D3287A033B001874FA /* Controller */,
				F24E29D5287A0347001874FA /* View */,
				F24E29C6287A0320001874FA /* Assets.xcassets */,
				F24E29C8287A0320001874FA /* LaunchScreen.storyboard */,
				F24E29CB287A0320001874FA /* Info.plist */,
			);
			path = "Destiny app";
			sourceTree = "<group>";
		};
		F24E29D3287A033B001874FA /* Controller */ = {
			isa = PBXGroup;
			children = (
				F24E29C1287A031E001874FA /* ViewController.swift */,
			);
			path = Controller;
			sourceTree = "<group>";
		};
		F24E29D5287A0347001874FA /* View */ = {
			isa = PBXGroup;
			children = (
				F24E29C3287A031E001874FA /* Main.storyboard */,
			);
			path = View;
			sourceTree = "<group>";
		};
		F24E29DA287A0379001874FA /* Model */ = {
			isa = PBXGroup;
			children = (
				F24E29D6287A0375001874FA /* Story.swift */,
				F24E29DC287A038A001874FA /* StoryBrain.swift */,
			);
			path = Model;
			sourceTree = "<group>";
		};
/* End PBXGroup section */

/* Begin PBXNativeTarget section */
		F24E29B9287A031E001874FA /* Destiny app */ = {
			isa = PBXNativeTarget;
			buildConfigurationList = F24E29CE287A0320001874FA /* Build configuration list for PBXNativeTarget "Destiny app" */;
			buildPhases = (
				F24E29B6287A031E001874FA /* Sources */,
				F24E29B7287A031E001874FA /* Frameworks */,
				F24E29B8287A031E001874FA /* Resources */,
			);
			buildRules = (
			);
			dependencies = (
			);
			name = "Destiny app";
			productName = "Destiny app";
			productReference = F24E29BA287A031E001874FA /* Destiny app.app */;
			productType = "com.apple.product-type.application";
		};
/* End PBXNativeTarget section */

/* Begin PBXProject section */
		F24E29B2287A031E001874FA /* Project object */ = {
			isa = PBXProject;
			attributes = {
				LastSwiftUpdateCheck = 1240;
				LastUpgradeCheck = 1240;
				TargetAttributes = {
					F24E29B9287A031E001874FA = {
						CreatedOnToolsVersion = 12.4;
					};
				};
			};
			buildConfigurationList = F24E29B5287A031E001874FA /* Build configuration list for PBXProject "Destiny app" */;
			compatibilityVersion = "Xcode 9.3";
			developmentRegion = en;
			hasScannedForEncodings = 0;
			knownRegions = (
				en,
				Base,
			);
			mainGroup = F24E29B1287A031E001874FA;
			productRefGroup = F24E29BB287A031E001874FA /* Products */;
			projectDirPath = "";
			projectRoot = "";
			targets = (
				F24E29B9287A031E001874FA /* Destiny app */,
			);
		};
/* End PBXProject section */

/* Begin PBXResourcesBuildPhase section */
		F24E29B8287A031E001874FA /* Resources */ = {
			isa = PBXResourcesBuildPhase;
			buildActionMask = 2147483647;
			files = (
				F24E29CA287A0320001874FA /* LaunchScreen.storyboard in Resources */,
				F24E29C7287A0320001874FA /* Assets.xcassets in Resources */,
				F24E29C5287A031E001874FA /* Main.storyboard in Resources */,
			);
			runOnlyForDeploymentPostprocessing = 0;
		};
/* End PBXResourcesBuildPhase section */

/* Begin PBXSourcesBuildPhase section */
		F24E29B6287A031E001874FA /* Sources */ = {
			isa = PBXSourcesBuildPhase;
			buildActionMask = 2147483647;
			files = (
				F24E29DD287A038A001874FA /* StoryBrain.swift in Sources */,
				F24E29C2287A031E001874FA /* ViewController.swift in Sources */,
				F24E29BE287A031E001874FA /* AppDelegate.swift in Sources */,
				F24E29C0287A031E001874FA /* SceneDelegate.swift in Sources */,
				F24E29D7287A0375001874FA /* Story.swift in Sources */,
			);
			runOnlyForDeploymentPostprocessing = 0;
		};
/* End PBXSourcesBuildPhase section */

/* Begin PBXVariantGroup section */
		F24E29C3287A031E001874FA /* Main.storyboard */ = {
			isa = PBXVariantGroup;
			children = (
				F24E29C4287A031E001874FA /* Base */,
			);
			name = Main.storyboard;
			sourceTree = "<group>";
		};
		F24E29C8287A0320001874FA /* LaunchScreen.storyboard */ = {
			isa = PBXVariantGroup;
			children = (
				F24E29C9287A0320001874FA /* Base */,
			);
			name = LaunchScreen.storyboard;
			sourceTree = "<group>";
		};
/* End PBXVariantGroup section */

/* Begin XCBuildConfiguration section */
		F24E29CC287A0320001874FA /* Debug */ = {
			isa = XCBuildConfiguration;
			buildSettings = {
				ALWAYS_SEARCH_USER_PATHS = NO;
				CLANG_ANALYZER_NONNULL = YES;
				CLANG_ANALYZER_NUMBER_OBJECT_CONVERSION = YES_AGGRESSIVE;
				CLANG_CXX_LANGUAGE_STANDARD = "gnu++14";
				CLANG_CXX_LIBRARY = "libc++";
				CLANG_ENABLE_MODULES = YES;
				CLANG_ENABLE_OBJC_ARC = YES;
				CLANG_ENABLE_OBJC_WEAK = YES;
				CLANG_WARN_BLOCK_CAPTURE_AUTORELEASING = YES;
				CLANG_WARN_BOOL_CONVERSION = YES;
				CLANG_WARN_COMMA = YES;
				CLANG_WARN_CONSTANT_CONVERSION = YES;
				CLANG_WARN_DEPRECATED_OBJC_IMPLEMENTATIONS = YES;
				CLANG_WARN_DIRECT_OBJC_ISA_USAGE = YES_ERROR;
				CLANG_WARN_DOCUMENTATION_COMMENTS = YES;
				CLANG_WARN_EMPTY_BODY = YES;
				CLANG_WARN_ENUM_CONVERSION = YES;
				CLANG_WARN_INFINITE_RECURSION = YES;
				CLANG_WARN_INT_CONVERSION = YES;
				CLANG_WARN_NON_LITERAL_NULL_CONVERSION = YES;
				CLANG_WARN_OBJC_IMPLICIT_RETAIN_SELF = YES;
				CLANG_WARN_OBJC_LITERAL_CONVERSION = YES;
				CLANG_WARN_OBJC_ROOT_CLASS = YES_ERROR;
				CLANG_WARN_QUOTED_INCLUDE_IN_FRAMEWORK_HEADER = YES;
				CLANG_WARN_RANGE_LOOP_ANALYSIS = YES;
				CLANG_WARN_STRICT_PROTOTYPES = YES;
				CLANG_WARN_SUSPICIOUS_MOVE = YES;
				CLANG_WARN_UNGUARDED_AVAILABILITY = YES_AGGRESSIVE;
				CLANG_WARN_UNREACHABLE_CODE = YES;
				CLANG_WARN__DUPLICATE_METHOD_MATCH = YES;
				COPY_PHASE_STRIP = NO;
				DEBUG_INFORMATION_FORMAT = dwarf;
				ENABLE_STRICT_OBJC_MSGSEND = YES;
				ENABLE_TESTABILITY = YES;
				GCC_C_LANGUAGE_STANDARD = gnu11;
				GCC_DYNAMIC_NO_PIC = NO;
				GCC_NO_COMMON_BLOCKS = YES;
				GCC_OPTIMIZATION_LEVEL = 0;
				GCC_PREPROCESSOR_DEFINITIONS = (
					"DEBUG=1",
					"$(inherited)",
				);
				GCC_WARN_64_TO_32_BIT_CONVERSION = YES;
				GCC_WARN_ABOUT_RETURN_TYPE = YES_ERROR;
				GCC_WARN_UNDECLARED_SELECTOR = YES;
				GCC_WARN_UNINITIALIZED_AUTOS = YES_AGGRESSIVE;
				GCC_WARN_UNUSED_FUNCTION = YES;
				GCC_WARN_UNUSED_VARIABLE = YES;
				IPHONEOS_DEPLOYMENT_TARGET = 14.4;
				MTL_ENABLE_DEBUG_INFO = INCLUDE_SOURCE;
				MTL_FAST_MATH = YES;
				ONLY_ACTIVE_ARCH = YES;
				SDKROOT = iphoneos;
				SWIFT_ACTIVE_COMPILATION_CONDITIONS = DEBUG;
				SWIFT_OPTIMIZATION_LEVEL = "-Onone";
			};
			name = Debug;
		};
		F24E29CD287A0320001874FA /* Release */ = {
			isa = XCBuildConfiguration;
			buildSettings = {
				ALWAYS_SEARCH_USER_PATHS = NO;
				CLANG_ANALYZER_NONNULL = YES;
				CLANG_ANALYZER_NUMBER_OBJECT_CONVERSION = YES_AGGRESSIVE;
				CLANG_CXX_LANGUAGE_STANDARD = "gnu++14";
				CLANG_CXX_LIBRARY = "libc++";
				CLANG_ENABLE_MODULES = YES;
				CLANG_ENABLE_OBJC_ARC = YES;
				CLANG_ENABLE_OBJC_WEAK = YES;
				CLANG_WARN_BLOCK_CAPTURE_AUTORELEASING = YES;
				CLANG_WARN_BOOL_CONVERSION = YES;
				CLANG_WARN_COMMA = YES;
				CLANG_WARN_CONSTANT_CONVERSION = YES;
				CLANG_WARN_DEPRECATED_OBJC_IMPLEMENTATIONS = YES;
				CLANG_WARN_DIRECT_OBJC_ISA_USAGE = YES_ERROR;
				CLANG_WARN_DOCUMENTATION_COMMENTS = YES;
				CLANG_WARN_EMPTY_BODY = YES;
				CLANG_WARN_ENUM_CONVERSION = YES;
				CLANG_WARN_INFINITE_RECURSION = YES;
				CLANG_WARN_INT_CONVERSION = YES;
				CLANG_WARN_NON_LITERAL_NULL_CONVERSION = YES;
				CLANG_WARN_OBJC_IMPLICIT_RETAIN_SELF = YES;
				CLANG_WARN_OBJC_LITERAL_CONVERSION = YES;
				CLANG_WARN_OBJC_ROOT_CLASS = YES_ERROR;
				CLANG_WARN_QUOTED_INCLUDE_IN_FRAMEWORK_HEADER = YES;
				CLANG_WARN_RANGE_LOOP_ANALYSIS = YES;
				CLANG_WARN_STRICT_PROTOTYPES = YES;
				CLANG_WARN_SUSPICIOUS_MOVE = YES;
				CLANG_WARN_UNGUARDED_AVAILABILITY = YES_AGGRESSIVE;
				CLANG_WARN_UNREACHABLE_CODE = YES;
				CLANG_WARN__DUPLICATE_METHOD_MATCH = YES;
				COPY_PHASE_STRIP = NO;
				DEBUG_INFORMATION_FORMAT = "dwarf-with-dsym";
				ENABLE_NS_ASSERTIONS = NO;
				ENABLE_STRICT_OBJC_MSGSEND = YES;
				GCC_C_LANGUAGE_STANDARD = gnu11;
				GCC_NO_COMMON_BLOCKS = YES;
				GCC_WARN_64_TO_32_BIT_CONVERSION = YES;
				GCC_WARN_ABOUT_RETURN_TYPE = YES_ERROR;
				GCC_WARN_UNDECLARED_SELECTOR = YES;
				GCC_WARN_UNINITIALIZED_AUTOS = YES_AGGRESSIVE;
				GCC_WARN_UNUSED_FUNCTION = YES;
				GCC_WARN_UNUSED_VARIABLE = YES;
				IPHONEOS_DEPLOYMENT_TARGET = 14.4;
				MTL_ENABLE_DEBUG_INFO = NO;
				MTL_FAST_MATH = YES;
				SDKROOT = iphoneos;
				SWIFT_COMPILATION_MODE = wholemodule;
				SWIFT_OPTIMIZATION_LEVEL = "-O";
				VALIDATE_PRODUCT = YES;
			};
			name = Release;
		};
		F24E29CF287A0320001874FA /* Debug */ = {
			isa = XCBuildConfiguration;
			buildSettings = {
				ASSETCATALOG_COMPILER_APPICON_NAME = AppIcon;
				ASSETCATALOG_COMPILER_GLOBAL_ACCENT_COLOR_NAME = AccentColor;
				CODE_SIGN_STYLE = Automatic;
				DEVELOPMENT_TEAM = XPUY5SQUS3;
				INFOPLIST_FILE = "Destiny app/Info.plist";
				LD_RUNPATH_SEARCH_PATHS = (
					"$(inherited)",
					"@executable_path/Frameworks",
				);
				PRODUCT_BUNDLE_IDENTIFIER = "oliverskies.Destiny-app";
				PRODUCT_NAME = "$(TARGET_NAME)";
				SWIFT_VERSION = 5.0;
				TARGETED_DEVICE_FAMILY = 1;
			};
			name = Debug;
		};
		F24E29D0287A0320001874FA /* Release */ = {
			isa = XCBuildConfiguration;
			buildSettings = {
				ASSETCATALOG_COMPILER_APPICON_NAME = AppIcon;
				ASSETCATALOG_COMPILER_GLOBAL_ACCENT_COLOR_NAME = AccentColor;
				CODE_SIGN_STYLE = Automatic;
				DEVELOPMENT_TEAM = XPUY5SQUS3;
				INFOPLIST_FILE = "Destiny app/Info.plist";
				LD_RUNPATH_SEARCH_PATHS = (
					"$(inherited)",
					"@executable_path/Frameworks",
				);
				PRODUCT_BUNDLE_IDENTIFIER = "oliverskies.Destiny-app";
				PRODUCT_NAME = "$(TARGET_NAME)";
				SWIFT_VERSION = 5.0;
				TARGETED_DEVICE_FAMILY = 1;
			};
			name = Release;
		};
/* End XCBuildConfiguration section */

/* Begin XCConfigurationList section */
		F24E29B5287A031E001874FA /* Build configuration list for PBXProject "Destiny app" */ = {
			isa = XCConfigurationList;
			buildConfigurations = (
				F24E29CC287A0320001874FA /* Debug */,
				F24E29CD287A0320001874FA /* Release */,
			);
			defaultConfigurationIsVisible = 0;
			defaultConfigurationName = Release;
		};
		F24E29CE287A0320001874FA /* Build configuration list for PBXNativeTarget "Destiny app" */ = {
			isa = XCConfigurationList;
			buildConfigurations = (
				F24E29CF287A0320001874FA /* Debug */,
				F24E29D0287A0320001874FA /* Release */,
			);
			defaultConfigurationIsVisible = 0;
			defaultConfigurationName = Release;
		};
/* End XCConfigurationList section */
	};
	rootObject = F24E29B2287A031E001874FA /* Project object */;
}
